// !$*UTF8*$!
{
	archiveVersion = 1;
	classes = {
	};
	objectVersion = 77;
	objects = {

/* Begin PBXContainerItemProxy section */
		A094C6CD2F0A09A300371641 /* PBXContainerItemProxy */ = {
			isa = PBXContainerItemProxy;
			containerPortal = A094C6B72F0A09A200371641 /* Project object */;
			proxyType = 1;
			remoteGlobalIDString = A094C6BE2F0A09A200371641;
			remoteInfo = KinoTaste;
		};
		A094C6D72F0A09A300371641 /* PBXContainerItemProxy */ = {
			isa = PBXContainerItemProxy;
			containerPortal = A094C6B72F0A09A200371641 /* Project object */;
			proxyType = 1;
			remoteGlobalIDString = A094C6BE2F0A09A200371641;
			remoteInfo = KinoTaste;
		};
/* End PBXContainerItemProxy section */

/* Begin PBXFileReference section */
		A094C6BF2F0A09A200371641 /* KinoTaste.app */ = {isa = PBXFileReference; explicitFileType = wrapper.application; includeInIndex = 0; path = KinoTaste.app; sourceTree = BUILT_PRODUCTS_DIR; };
		A094C6CC2F0A09A300371641 /* KinoTasteTests.xctest */ = {isa = PBXFileReference; explicitFileType = wrapper.cfbundle; includeInIndex = 0; path = KinoTasteTests.xctest; sourceTree = BUILT_PRODUCTS_DIR; };
		A094C6D62F0A09A300371641 /* KinoTasteUITests.xctest */ = {isa = PBXFileReference; explicitFileType = wrapper.cfbundle; includeInIndex = 0; path = KinoTasteUITests.xctest; sourceTree = BUILT_PRODUCTS_DIR; };
/* End PBXFileReference section */

/* Begin PBXFileSystemSynchronizedRootGroup section */
		A094C6C12F0A09A200371641 /* KinoTaste */ = {
			isa = PBXFileSystemSynchronizedRootGroup;
			path = KinoTaste;
			sourceTree = "<group>";
		};
		A094C6CF2F0A09A300371641 /* KinoTasteTests */ = {
			isa = PBXFileSystemSynchronizedRootGroup;
			path = KinoTasteTests;
			sourceTree = "<group>";
		};
		A094C6D92F0A09A300371641 /* KinoTasteUITests */ = {
			isa = PBXFileSystemSynchronizedRootGroup;
			path = KinoTasteUITests;
			sourceTree = "<group>";
		};
/* End PBXFileSystemSynchronizedRootGroup section */

/* Begin PBXFrameworksBuildPhase section */
		A094C6BC2F0A09A200371641 /* Frameworks */ = {
			isa = PBXFrameworksBuildPhase;
			buildActionMask = 2147483647;
			files = (
			);
			runOnlyForDeploymentPostprocessing = 0;
		};
		A094C6C92F0A09A300371641 /* Frameworks */ = {
			isa = PBXFrameworksBuildPhase;
			buildActionMask = 2147483647;
			files = (
			);
			runOnlyForDeploymentPostprocessing = 0;
		};
		A094C6D32F0A09A300371641 /* Frameworks */ = {
			isa = PBXFrameworksBuildPhase;
			buildActionMask = 2147483647;
			files = (
			);
			runOnlyForDeploymentPostprocessing = 0;
		};
/* End PBXFrameworksBuildPhase section */

/* Begin PBXGroup section */
		A094C6B62F0A09A200371641 = {
			isa = PBXGroup;
			children = (
				A094C6C12F0A09A200371641 /* KinoTaste */,
				A094C6CF2F0A09A300371641 /* KinoTasteTests */,
				A094C6D92F0A09A300371641 /* KinoTasteUITests */,
				A094C6C02F0A09A200371641 /* Products */,
			);
			sourceTree = "<group>";
		};
		A094C6C02F0A09A200371641 /* Products */ = {
			isa = PBXGroup;
			children = (
				A094C6BF2F0A09A200371641 /* KinoTaste.app */,
				A094C6CC2F0A09A300371641 /* KinoTasteTests.xctest */,
				A094C6D62F0A09A300371641 /* KinoTasteUITests.xctest */,
			);
			name = Products;
			sourceTree = "<group>";
		};
/* End PBXGroup section */

/* Begin PBXNativeTarget section */
		A094C6BE2F0A09A200371641 /* KinoTaste */ = {
			isa = PBXNativeTarget;
			buildConfigurationList = A094C6E02F0A09A300371641 /* Build configuration list for PBXNativeTarget "KinoTaste" */;
			buildPhases = (
				A094C6BB2F0A09A200371641 /* Sources */,
				A094C6BC2F0A09A200371641 /* Frameworks */,
				A094C6BD2F0A09A200371641 /* Resources */,
			);
			buildRules = (
			);
			dependencies = (
			);
			fileSystemSynchronizedGroups = (
				A094C6C12F0A09A200371641 /* KinoTaste */,
			);
			name = KinoTaste;
			packageProductDependencies = (
			);
			productName = KinoTaste;
			productReference = A094C6BF2F0A09A200371641 /* KinoTaste.app */;
			productType = "com.apple.product-type.application";
		};
		A094C6CB2F0A09A300371641 /* KinoTasteTests */ = {
			isa = PBXNativeTarget;
			buildConfigurationList = A094C6E32F0A09A300371641 /* Build configuration list for PBXNativeTarget "KinoTasteTests" */;
			buildPhases = (
				A094C6C82F0A09A300371641 /* Sources */,
				A094C6C92F0A09A300371641 /* Frameworks */,
				A094C6CA2F0A09A300371641 /* Resources */,
			);
			buildRules = (
			);
			dependencies = (
				A094C6CE2F0A09A300371641 /* PBXTargetDependency */,
			);
			fileSystemSynchronizedGroups = (
				A094C6CF2F0A09A300371641 /* KinoTasteTests */,
			);
			name = KinoTasteTests;
			packageProductDependencies = (
			);
			productName = KinoTasteTests;
			productReference = A094C6CC2F0A09A300371641 /* KinoTasteTests.xctest */;
			productType = "com.apple.product-type.bundle.unit-test";
		};
		A094C6D52F0A09A300371641 /* KinoTasteUITests */ = {
			isa = PBXNativeTarget;
			buildConfigurationList = A094C6E62F0A09A300371641 /* Build configuration list for PBXNativeTarget "KinoTasteUITests" */;
			buildPhases = (
				A094C6D22F0A09A300371641 /* Sources */,
				A094C6D32F0A09A300371641 /* Frameworks */,
				A094C6D42F0A09A300371641 /* Resources */,
			);
			buildRules = (
			);
			dependencies = (
				A094C6D82F0A09A300371641 /* PBXTargetDependency */,
			);
			fileSystemSynchronizedGroups = (
				A094C6D92F0A09A300371641 /* KinoTasteUITests */,
			);
			name = KinoTasteUITests;
			packageProductDependencies = (
			);
			productName = KinoTasteUITests;
			productReference = A094C6D62F0A09A300371641 /* KinoTasteUITests.xctest */;
			productType = "com.apple.product-type.bundle.ui-testing";
		};
/* End PBXNativeTarget section */

/* Begin PBXProject section */
		A094C6B72F0A09A200371641 /* Project object */ = {
			isa = PBXProject;
			attributes = {
				BuildIndependentTargetsInParallel = 1;
				LastSwiftUpdateCheck = 1640;
				LastUpgradeCheck = 1640;
				TargetAttributes = {
					A094C6BE2F0A09A200371641 = {
						CreatedOnToolsVersion = 16.4;
					};
					A094C6CB2F0A09A300371641 = {
						CreatedOnToolsVersion = 16.4;
						TestTargetID = A094C6BE2F0A09A200371641;
					};
					A094C6D52F0A09A300371641 = {
						CreatedOnToolsVersion = 16.4;
						TestTargetID = A094C6BE2F0A09A200371641;
					};
				};
			};
			buildConfigurationList = A094C6BA2F0A09A200371641 /* Build configuration list for PBXProject "KinoTaste" */;
			developmentRegion = en;
			hasScannedForEncodings = 0;
			knownRegions = (
				en,
				Base,
			);
			mainGroup = A094C6B62F0A09A200371641;
			minimizedProjectReferenceProxies = 1;
			preferredProjectObjectVersion = 77;
			productRefGroup = A094C6C02F0A09A200371641 /* Products */;
			projectDirPath = "";
			projectRoot = "";
			targets = (
				A094C6BE2F0A09A200371641 /* KinoTaste */,
				A094C6CB2F0A09A300371641 /* KinoTasteTests */,
				A094C6D52F0A09A300371641 /* KinoTasteUITests */,
			);
		};
/* End PBXProject section */

/* Begin PBXResourcesBuildPhase section */
		A094C6BD2F0A09A200371641 /* Resources */ = {
			isa = PBXResourcesBuildPhase;
			buildActionMask = 2147483647;
			files = (
			);
			runOnlyForDeploymentPostprocessing = 0;
		};
		A094C6CA2F0A09A300371641 /* Resources */ = {
			isa = PBXResourcesBuildPhase;
			buildActionMask = 2147483647;
			files = (
			);
			runOnlyForDeploymentPostprocessing = 0;
		};
		A094C6D42F0A09A300371641 /* Resources */ = {
			isa = PBXResourcesBuildPhase;
			buildActionMask = 2147483647;
			files = (
			);
			runOnlyForDeploymentPostprocessing = 0;
		};
/* End PBXResourcesBuildPhase section */

/* Begin PBXSourcesBuildPhase section */
		A094C6BB2F0A09A200371641 /* Sources */ = {
			isa = PBXSourcesBuildPhase;
			buildActionMask = 2147483647;
			files = (
			);
			runOnlyForDeploymentPostprocessing = 0;
		};
		A094C6C82F0A09A300371641 /* Sources */ = {
			isa = PBXSourcesBuildPhase;
			buildActionMask = 2147483647;
			files = (
			);
			runOnlyForDeploymentPostprocessing = 0;
		};
		A094C6D22F0A09A300371641 /* Sources */ = {
			isa = PBXSourcesBuildPhase;
			buildActionMask = 2147483647;
			files = (
			);
			runOnlyForDeploymentPostprocessing = 0;
		};
/* End PBXSourcesBuildPhase section */

/* Begin PBXTargetDependency section */
		A094C6CE2F0A09A300371641 /* PBXTargetDependency */ = {
			isa = PBXTargetDependency;
			target = A094C6BE2F0A09A200371641 /* KinoTaste */;
			targetProxy = A094C6CD2F0A09A300371641 /* PBXContainerItemProxy */;
		};
		A094C6D82F0A09A300371641 /* PBXTargetDependency */ = {
			isa = PBXTargetDependency;
			target = A094C6BE2F0A09A200371641 /* KinoTaste */;
			targetProxy = A094C6D72F0A09A300371641 /* PBXContainerItemProxy */;
		};
/* End PBXTargetDependency section */

/* Begin XCBuildConfiguration section */
		A094C6DE2F0A09A300371641 /* Debug */ = {
			isa = XCBuildConfiguration;
			buildSettings = {
				ALWAYS_SEARCH_USER_PATHS = NO;
				ASSETCATALOG_COMPILER_GENERATE_SWIFT_ASSET_SYMBOL_EXTENSIONS = YES;
				CLANG_ANALYZER_NONNULL = YES;
				CLANG_ANALYZER_NUMBER_OBJECT_CONVERSION = YES_AGGRESSIVE;
				CLANG_CXX_LANGUAGE_STANDARD = "gnu++20";
				CLANG_ENABLE_MODULES = YES;
				CLANG_ENABLE_OBJC_ARC = YES;
				CLANG_ENABLE_OBJC_WEAK = YES;
				CLANG_WARN_BLOCK_CAPTURE_AUTORELEASING = YES;
				CLANG_WARN_BOOL_CONVERSION = YES;
				CLANG_WARN_COMMA = YES;
				CLANG_WARN_CONSTANT_CONVERSION = YES;
				CLANG_WARN_DEPRECATED_OBJC_IMPLEMENTATIONS = YES;
				CLANG_WARN_DIRECT_OBJC_ISA_USAGE = YES_ERROR;
				CLANG_WARN_DOCUMENTATION_COMMENTS = YES;
				CLANG_WARN_EMPTY_BODY = YES;
				CLANG_WARN_ENUM_CONVERSION = YES;
				CLANG_WARN_INFINITE_RECURSION = YES;
				CLANG_WARN_INT_CONVERSION = YES;
				CLANG_WARN_NON_LITERAL_NULL_CONVERSION = YES;
				CLANG_WARN_OBJC_IMPLICIT_RETAIN_SELF = YES;
				CLANG_WARN_OBJC_LITERAL_CONVERSION = YES;
				CLANG_WARN_OBJC_ROOT_CLASS = YES_ERROR;
				CLANG_WARN_QUOTED_INCLUDE_IN_FRAMEWORK_HEADER = YES;
				CLANG_WARN_RANGE_LOOP_ANALYSIS = YES;
				CLANG_WARN_STRICT_PROTOTYPES = YES;
				CLANG_WARN_SUSPICIOUS_MOVE = YES;
				CLANG_WARN_UNGUARDED_AVAILABILITY = YES_AGGRESSIVE;
				CLANG_WARN_UNREACHABLE_CODE = YES;
				CLANG_WARN__DUPLICATE_METHOD_MATCH = YES;
				COPY_PHASE_STRIP = NO;
				DEBUG_INFORMATION_FORMAT = dwarf;
				DEVELOPMENT_TEAM = R86J7KYMA4;
				ENABLE_STRICT_OBJC_MSGSEND = YES;
				ENABLE_TESTABILITY = YES;
				ENABLE_USER_SCRIPT_SANDBOXING = YES;
				GCC_C_LANGUAGE_STANDARD = gnu17;
				GCC_DYNAMIC_NO_PIC = NO;
				GCC_NO_COMMON_BLOCKS = YES;
				GCC_OPTIMIZATION_LEVEL = 0;
				GCC_PREPROCESSOR_DEFINITIONS = (
					"DEBUG=1",
					"$(inherited)",
				);
				GCC_WARN_64_TO_32_BIT_CONVERSION = YES;
				GCC_WARN_ABOUT_RETURN_TYPE = YES_ERROR;
				GCC_WARN_UNDECLARED_SELECTOR = YES;
				GCC_WARN_UNINITIALIZED_AUTOS = YES_AGGRESSIVE;
				GCC_WARN_UNUSED_FUNCTION = YES;
				GCC_WARN_UNUSED_VARIABLE = YES;
				IPHONEOS_DEPLOYMENT_TARGET = 18.5;
				LOCALIZATION_PREFERS_STRING_CATALOGS = YES;
				MTL_ENABLE_DEBUG_INFO = INCLUDE_SOURCE;
				MTL_FAST_MATH = YES;
				ONLY_ACTIVE_ARCH = YES;
				SDKROOT = iphoneos;
				SWIFT_ACTIVE_COMPILATION_CONDITIONS = "DEBUG $(inherited)";
				SWIFT_OPTIMIZATION_LEVEL = "-Onone";
			};
			name = Debug;
		};
		A094C6DF2F0A09A300371641 /* Release */ = {
			isa = XCBuildConfiguration;
			buildSettings = {
				ALWAYS_SEARCH_USER_PATHS = NO;
				ASSETCATALOG_COMPILER_GENERATE_SWIFT_ASSET_SYMBOL_EXTENSIONS = YES;
				CLANG_ANALYZER_NONNULL = YES;
				CLANG_ANALYZER_NUMBER_OBJECT_CONVERSION = YES_AGGRESSIVE;
				CLANG_CXX_LANGUAGE_STANDARD = "gnu++20";
				CLANG_ENABLE_MODULES = YES;
				CLANG_ENABLE_OBJC_ARC = YES;
				CLANG_ENABLE_OBJC_WEAK = YES;
				CLANG_WARN_BLOCK_CAPTURE_AUTORELEASING = YES;
				CLANG_WARN_BOOL_CONVERSION = YES;
				CLANG_WARN_COMMA = YES;
				CLANG_WARN_CONSTANT_CONVERSION = YES;
				CLANG_WARN_DEPRECATED_OBJC_IMPLEMENTATIONS = YES;
				CLANG_WARN_DIRECT_OBJC_ISA_USAGE = YES_ERROR;
				CLANG_WARN_DOCUMENTATION_COMMENTS = YES;
				CLANG_WARN_EMPTY_BODY = YES;
				CLANG_WARN_ENUM_CONVERSION = YES;
				CLANG_WARN_INFINITE_RECURSION = YES;
				CLANG_WARN_INT_CONVERSION = YES;
				CLANG_WARN_NON_LITERAL_NULL_CONVERSION = YES;
				CLANG_WARN_OBJC_IMPLICIT_RETAIN_SELF = YES;
				CLANG_WARN_OBJC_LITERAL_CONVERSION = YES;
				CLANG_WARN_OBJC_ROOT_CLASS = YES_ERROR;
				CLANG_WARN_QUOTED_INCLUDE_IN_FRAMEWORK_HEADER = YES;
				CLANG_WARN_RANGE_LOOP_ANALYSIS = YES;
				CLANG_WARN_STRICT_PROTOTYPES = YES;
				CLANG_WARN_SUSPICIOUS_MOVE = YES;
				CLANG_WARN_UNGUARDED_AVAILABILITY = YES_AGGRESSIVE;
				CLANG_WARN_UNREACHABLE_CODE = YES;
				CLANG_WARN__DUPLICATE_METHOD_MATCH = YES;
				COPY_PHASE_STRIP = NO;
				DEBUG_INFORMATION_FORMAT = "dwarf-with-dsym";
				DEVELOPMENT_TEAM = R86J7KYMA4;
				ENABLE_NS_ASSERTIONS = NO;
				ENABLE_STRICT_OBJC_MSGSEND = YES;
				ENABLE_USER_SCRIPT_SANDBOXING = YES;
				GCC_C_LANGUAGE_STANDARD = gnu17;
				GCC_NO_COMMON_BLOCKS = YES;
				GCC_WARN_64_TO_32_BIT_CONVERSION = YES;
				GCC_WARN_ABOUT_RETURN_TYPE = YES_ERROR;
				GCC_WARN_UNDECLARED_SELECTOR = YES;
				GCC_WARN_UNINITIALIZED_AUTOS = YES_AGGRESSIVE;
				GCC_WARN_UNUSED_FUNCTION = YES;
				GCC_WARN_UNUSED_VARIABLE = YES;
				IPHONEOS_DEPLOYMENT_TARGET = 18.5;
				LOCALIZATION_PREFERS_STRING_CATALOGS = YES;
				MTL_ENABLE_DEBUG_INFO = NO;
				MTL_FAST_MATH = YES;
				SDKROOT = iphoneos;
				SWIFT_COMPILATION_MODE = wholemodule;
				VALIDATE_PRODUCT = YES;
			};
			name = Release;
		};
		A094C6E12F0A09A300371641 /* Debug */ = {
			isa = XCBuildConfiguration;
			buildSettings = {
				ASSETCATALOG_COMPILER_APPICON_NAME = AppIcon;
				ASSETCATALOG_COMPILER_GLOBAL_ACCENT_COLOR_NAME = AccentColor;
				CODE_SIGN_STYLE = Automatic;
				CURRENT_PROJECT_VERSION = 1;
				DEVELOPMENT_TEAM = R86J7KYMA4;
				ENABLE_PREVIEWS = YES;
				GENERATE_INFOPLIST_FILE = YES;
				INFOPLIST_KEY_UIApplicationSceneManifest_Generation = YES;
				INFOPLIST_KEY_UIApplicationSupportsIndirectInputEvents = YES;
				INFOPLIST_KEY_UILaunchScreen_Generation = YES;
				INFOPLIST_KEY_UISupportedInterfaceOrientations_iPad = "UIInterfaceOrientationPortrait UIInterfaceOrientationPortraitUpsideDown UIInterfaceOrientationLandscapeLeft UIInterfaceOrientationLandscapeRight";
				INFOPLIST_KEY_UISupportedInterfaceOrientations_iPhone = "UIInterfaceOrientationPortrait UIInterfaceOrientationLandscapeLeft UIInterfaceOrientationLandscapeRight";
				LD_RUNPATH_SEARCH_PATHS = (
					"$(inherited)",
					"@executable_path/Frameworks",
				);
				MARKETING_VERSION = 1.0;
				PRODUCT_BUNDLE_IDENTIFIER = fiftypoundmule.KinoTaste;
				PRODUCT_NAME = "$(TARGET_NAME)";
				SWIFT_EMIT_LOC_STRINGS = YES;
				SWIFT_VERSION = 5.0;
				TARGETED_DEVICE_FAMILY = "1,2";
			};
			name = Debug;
		};
		A094C6E22F0A09A300371641 /* Release */ = {
			isa = XCBuildConfiguration;
			buildSettings = {
				ASSETCATALOG_COMPILER_APPICON_NAME = AppIcon;
				ASSETCATALOG_COMPILER_GLOBAL_ACCENT_COLOR_NAME = AccentColor;
				CODE_SIGN_STYLE = Automatic;
				CURRENT_PROJECT_VERSION = 1;
				DEVELOPMENT_TEAM = R86J7KYMA4;
				ENABLE_PREVIEWS = YES;
				GENERATE_INFOPLIST_FILE = YES;
				INFOPLIST_KEY_UIApplicationSceneManifest_Generation = YES;
				INFOPLIST_KEY_UIApplicationSupportsIndirectInputEvents = YES;
				INFOPLIST_KEY_UILaunchScreen_Generation = YES;
				INFOPLIST_KEY_UISupportedInterfaceOrientations_iPad = "UIInterfaceOrientationPortrait UIInterfaceOrientationPortraitUpsideDown UIInterfaceOrientationLandscapeLeft UIInterfaceOrientationLandscapeRight";
				INFOPLIST_KEY_UISupportedInterfaceOrientations_iPhone = "UIInterfaceOrientationPortrait UIInterfaceOrientationLandscapeLeft UIInterfaceOrientationLandscapeRight";
				LD_RUNPATH_SEARCH_PATHS = (
					"$(inherited)",
					"@executable_path/Frameworks",
				);
				MARKETING_VERSION = 1.0;
				PRODUCT_BUNDLE_IDENTIFIER = fiftypoundmule.KinoTaste;
				PRODUCT_NAME = "$(TARGET_NAME)";
				SWIFT_EMIT_LOC_STRINGS = YES;
				SWIFT_VERSION = 5.0;
				TARGETED_DEVICE_FAMILY = "1,2";
			};
			name = Release;
		};
		A094C6E42F0A09A300371641 /* Debug */ = {
			isa = XCBuildConfiguration;
			buildSettings = {
				BUNDLE_LOADER = "$(TEST_HOST)";
				CODE_SIGN_STYLE = Automatic;
				CURRENT_PROJECT_VERSION = 1;
				DEVELOPMENT_TEAM = R86J7KYMA4;
				GENERATE_INFOPLIST_FILE = YES;
				IPHONEOS_DEPLOYMENT_TARGET = 18.5;
				MARKETING_VERSION = 1.0;
				PRODUCT_BUNDLE_IDENTIFIER = fiftypoundmule.KinoTasteTests;
				PRODUCT_NAME = "$(TARGET_NAME)";
				SWIFT_EMIT_LOC_STRINGS = NO;
				SWIFT_VERSION = 5.0;
				TARGETED_DEVICE_FAMILY = "1,2";
				TEST_HOST = "$(BUILT_PRODUCTS_DIR)/KinoTaste.app/$(BUNDLE_EXECUTABLE_FOLDER_PATH)/KinoTaste";
			};
			name = Debug;
		};
		A094C6E52F0A09A300371641 /* Release */ = {
			isa = XCBuildConfiguration;
			buildSettings = {
				BUNDLE_LOADER = "$(TEST_HOST)";
				CODE_SIGN_STYLE = Automatic;
				CURRENT_PROJECT_VERSION = 1;
				DEVELOPMENT_TEAM = R86J7KYMA4;
				GENERATE_INFOPLIST_FILE = YES;
				IPHONEOS_DEPLOYMENT_TARGET = 18.5;
				MARKETING_VERSION = 1.0;
				PRODUCT_BUNDLE_IDENTIFIER = fiftypoundmule.KinoTasteTests;
				PRODUCT_NAME = "$(TARGET_NAME)";
				SWIFT_EMIT_LOC_STRINGS = NO;
				SWIFT_VERSION = 5.0;
				TARGETED_DEVICE_FAMILY = "1,2";
				TEST_HOST = "$(BUILT_PRODUCTS_DIR)/KinoTaste.app/$(BUNDLE_EXECUTABLE_FOLDER_PATH)/KinoTaste";
			};
			name = Release;
		};
		A094C6E72F0A09A300371641 /* Debug */ = {
			isa = XCBuildConfiguration;
			buildSettings = {
				CODE_SIGN_STYLE = Automatic;
				CURRENT_PROJECT_VERSION = 1;
				DEVELOPMENT_TEAM = R86J7KYMA4;
				GENERATE_INFOPLIST_FILE = YES;
				MARKETING_VERSION = 1.0;
				PRODUCT_BUNDLE_IDENTIFIER = fiftypoundmule.KinoTasteUITests;
				PRODUCT_NAME = "$(TARGET_NAME)";
				SWIFT_EMIT_LOC_STRINGS = NO;
				SWIFT_VERSION = 5.0;
				TARGETED_DEVICE_FAMILY = "1,2";
				TEST_TARGET_NAME = KinoTaste;
			};
			name = Debug;
		};
		A094C6E82F0A09A300371641 /* Release */ = {
			isa = XCBuildConfiguration;
			buildSettings = {
				CODE_SIGN_STYLE = Automatic;
				CURRENT_PROJECT_VERSION = 1;
				DEVELOPMENT_TEAM = R86J7KYMA4;
				GENERATE_INFOPLIST_FILE = YES;
				MARKETING_VERSION = 1.0;
				PRODUCT_BUNDLE_IDENTIFIER = fiftypoundmule.KinoTasteUITests;
				PRODUCT_NAME = "$(TARGET_NAME)";
				SWIFT_EMIT_LOC_STRINGS = NO;
				SWIFT_VERSION = 5.0;
				TARGETED_DEVICE_FAMILY = "1,2";
				TEST_TARGET_NAME = KinoTaste;
			};
			name = Release;
		};
/* End XCBuildConfiguration section */

/* Begin XCConfigurationList section */
		A094C6BA2F0A09A200371641 /* Build configuration list for PBXProject "KinoTaste" */ = {
			isa = XCConfigurationList;
			buildConfigurations = (
				A094C6DE2F0A09A300371641 /* Debug */,
				A094C6DF2F0A09A300371641 /* Release */,
			);
			defaultConfigurationIsVisible = 0;
			defaultConfigurationName = Release;
		};
		A094C6E02F0A09A300371641 /* Build configuration list for PBXNativeTarget "KinoTaste" */ = {
			isa = XCConfigurationList;
			buildConfigurations = (
				A094C6E12F0A09A300371641 /* Debug */,
				A094C6E22F0A09A300371641 /* Release */,
			);
			defaultConfigurationIsVisible = 0;
			defaultConfigurationName = Release;
		};
		A094C6E32F0A09A300371641 /* Build configuration list for PBXNativeTarget "KinoTasteTests" */ = {
			isa = XCConfigurationList;
			buildConfigurations = (
				A094C6E42F0A09A300371641 /* Debug */,
				A094C6E52F0A09A300371641 /* Release */,
			);
			defaultConfigurationIsVisible = 0;
			defaultConfigurationName = Release;
		};
		A094C6E62F0A09A300371641 /* Build configuration list for PBXNativeTarget "KinoTasteUITests" */ = {
			isa = XCConfigurationList;
			buildConfigurations = (
				A094C6E72F0A09A300371641 /* Debug */,
				A094C6E82F0A09A300371641 /* Release */,
			);
			defaultConfigurationIsVisible = 0;
			defaultConfigurationName = Release;
		};
/* End XCConfigurationList section */
	};
	rootObject = A094C6B72F0A09A200371641 /* Project object */;
}
